Microsoft Visual Studio Solution File, Format Version 12.00
# Visual Studio Version 17
VisualStudioVersion = 17.13.35828.75
MinimumVisualStudioVersion = 10.0.40219.1
Project("{FAE04EC0-301F-11D3-BF4B-00C04F79EFBC}") = "MakerCheckerBasicSampleProject", "MakerCheckerBasicSampleProject\MakerCheckerBasicSampleProject.csproj", "{5B89131D-ED08-4CD9-B869-02979B2E3C33}"
EndProject
Global
	GlobalSection(SolutionConfigurationPlatforms) = preSolution
		Debug|Any CPU = Debug|Any CPU
		Release|Any CPU = Release|Any CPU
	EndGlobalSection
	GlobalSection(ProjectConfigurationPlatforms) = postSolution
		{5B89131D-ED08-4CD9-B869-02979B2E3C33}.Debug|Any CPU.ActiveCfg = Debug|Any CPU
		{5B89131D-ED08-4CD9-B869-02979B2E3C33}.Debug|Any CPU.Build.0 = Debug|Any CPU
		{5B89131D-ED08-4CD9-B869-02979B2E3C33}.Release|Any CPU.ActiveCfg = Release|Any CPU
		{5B89131D-ED08-4CD9-B869-02979B2E3C33}.Release|Any CPU.Build.0 = Release|Any CPU
	EndGlobalSection
	GlobalSection(SolutionProperties) = preSolution
		HideSolutionNode = FALSE
	EndGlobalSection
	GlobalSection(ExtensibilityGlobals) = postSolution
		SolutionGuid = {7D02AF03-9B4F-4B06-B2FA-62718B9313B3}
	EndGlobalSection
EndGlobal
